
Microsoft Visual Studio Solution File, Format Version 12.00
# Visual Studio Version 17
VisualStudioVersion = 17.8.34525.116
MinimumVisualStudioVersion = 10.0.40219.1
Project("{9A19103F-16F7-4668-BE54-9A1E7A4F7556}") = "SearchingAndReadingPDF", "SearchingAndReadingPDF\SearchingAndReadingPDF.csproj", "{0EC295FC-720A-4138-8FD2-1D165EFA011A}"
EndProject
Global
	GlobalSection(SolutionConfigurationPlatforms) = preSolution
		Debug|Any CPU = Debug|Any CPU
		Release|Any CPU = Release|Any CPU
	EndGlobalSection
	GlobalSection(ProjectConfigurationPlatforms) = postSolution
		{0EC295FC-720A-4138-8FD2-1D165EFA011A}.Debug|Any CPU.ActiveCfg = Debug|Any CPU
		{0EC295FC-720A-4138-8FD2-1D165EFA011A}.Debug|Any CPU.Build.0 = Debug|Any CPU
		{0EC295FC-720A-4138-8FD2-1D165EFA011A}.Release|Any CPU.ActiveCfg = Release|Any CPU
		{0EC295FC-720A-4138-8FD2-1D165EFA011A}.Release|Any CPU.Build.0 = Release|Any CPU
	EndGlobalSection
	GlobalSection(SolutionProperties) = preSolution
		HideSolutionNode = FALSE
	EndGlobalSection
	GlobalSection(ExtensibilityGlobals) = postSolution
		SolutionGuid = {02889F9C-3C9B-4904-B38E-7E93332DFF0A}
	EndGlobalSection
EndGlobal
